
Microsoft Visual Studio Solution File, Format Version 12.00
# Visual Studio 15
VisualStudioVersion = 15.0.28307.572
MinimumVisualStudioVersion = 10.0.40219.1
Project("{FAE04EC0-301F-11D3-BF4B-00C04F79EFBC}") = "ProductsProj", "Products\ProductsProj.csproj", "{69F39E26-7A0B-4A3F-BFB6-85F6987C1B7B}"
EndProject
Global
	GlobalSection(SolutionConfigurationPlatforms) = preSolution
		Debug|Any CPU = Debug|Any CPU
		Release|Any CPU = Release|Any CPU
	EndGlobalSection
	GlobalSection(ProjectConfigurationPlatforms) = postSolution
		{69F39E26-7A0B-4A3F-BFB6-85F6987C1B7B}.Debug|Any CPU.ActiveCfg = Debug|Any CPU
		{69F39E26-7A0B-4A3F-BFB6-85F6987C1B7B}.Debug|Any CPU.Build.0 = Debug|Any CPU
		{69F39E26-7A0B-4A3F-BFB6-85F6987C1B7B}.Release|Any CPU.ActiveCfg = Release|Any CPU
		{69F39E26-7A0B-4A3F-BFB6-85F6987C1B7B}.Release|Any CPU.Build.0 = Release|Any CPU
	EndGlobalSection
	GlobalSection(SolutionProperties) = preSolution
		HideSolutionNode = FALSE
	EndGlobalSection
	GlobalSection(ExtensibilityGlobals) = postSolution
		SolutionGuid = {A31DFDE6-266B-4BA7-8D38-2C08F03D28AB}
	EndGlobalSection
EndGlobal
